summary: flock(1) locks files
webpage: https://github.com/discoteq/flock
version: 0.4.0
bin-url: https://github.com/fpliu1214/uppm-package-repository-android-aarch64/releases/download/2024.09.11/flock-0.4.0-android-aarch64.tar.xz
bin-sha: ca62f6fb2c5f0398722e7f248e9e2c4cc87f101051a2b77b5b3ed318f7f9edd1
